
Microsoft Visual Studio Solution File, Format Version 12.00
# Visual Studio Version 17
VisualStudioVersion = 17.7.34221.43
MinimumVisualStudioVersion = 10.0.40219.1
Project("{FAE04EC0-301F-11D3-BF4B-00C04F79EFBC}") = "InventDipl", "InventDipl\InventDipl.csproj", "{DFDB5FA8-15FA-4D4F-B953-E08E91F2149D}"
EndProject
Global
	GlobalSection(SolutionConfigurationPlatforms) = preSolution
		Debug|Any CPU = Debug|Any CPU
		Release|Any CPU = Release|Any CPU
	EndGlobalSection
	GlobalSection(ProjectConfigurationPlatforms) = postSolution
		{DFDB5FA8-15FA-4D4F-B953-E08E91F2149D}.Debug|Any CPU.ActiveCfg = Debug|Any CPU
		{DFDB5FA8-15FA-4D4F-B953-E08E91F2149D}.Debug|Any CPU.Build.0 = Debug|Any CPU
		{DFDB5FA8-15FA-4D4F-B953-E08E91F2149D}.Release|Any CPU.ActiveCfg = Release|Any CPU
		{DFDB5FA8-15FA-4D4F-B953-E08E91F2149D}.Release|Any CPU.Build.0 = Release|Any CPU
	EndGlobalSection
	GlobalSection(SolutionProperties) = preSolution
		HideSolutionNode = FALSE
	EndGlobalSection
	GlobalSection(ExtensibilityGlobals) = postSolution
		SolutionGuid = {B5EB31E8-DE88-4C66-958D-828E900C66C7}
	EndGlobalSection
EndGlobal
